
Microsoft Visual Studio Solution File, Format Version 12.00
# Visual Studio 15
VisualStudioVersion = 15.0.26730.15
MinimumVisualStudioVersion = 10.0.40219.1
Project("{9A19103F-16F7-4668-BE54-9A1E7A4F7556}") = "Pajonos.Shleken.HTML", "Pajonos.Shleken.HTML\Pajonos.Shleken.HTML.csproj", "{9CD22531-C5FE-4763-86BF-09C3FF74F65F}"
EndProject
Project("{FAE04EC0-301F-11D3-BF4B-00C04F79EFBC}") = "Pajonos.Shleken.Web", "Pajonos.Shleken.Web\Pajonos.Shleken.Web.csproj", "{D09E0D53-8FCA-4901-B1CF-3D5645F8BD6F}"
EndProject
Project("{FAE04EC0-301F-11D3-BF4B-00C04F79EFBC}") = "Pajonos.Shleken.Services", "Pajonos.Shleken.Services\Pajonos.Shleken.Services.csproj", "{A1934427-47E1-4CAF-AB30-95DB30275476}"
EndProject
Global
	GlobalSection(SolutionConfigurationPlatforms) = preSolution
		Debug|Any CPU = Debug|Any CPU
		Release|Any CPU = Release|Any CPU
	EndGlobalSection
	GlobalSection(ProjectConfigurationPlatforms) = postSolution
		{9CD22531-C5FE-4763-86BF-09C3FF74F65F}.Debug|Any CPU.ActiveCfg = Debug|Any CPU
		{9CD22531-C5FE-4763-86BF-09C3FF74F65F}.Debug|Any CPU.Build.0 = Debug|Any CPU
		{9CD22531-C5FE-4763-86BF-09C3FF74F65F}.Release|Any CPU.ActiveCfg = Release|Any CPU
		{9CD22531-C5FE-4763-86BF-09C3FF74F65F}.Release|Any CPU.Build.0 = Release|Any CPU
		{D09E0D53-8FCA-4901-B1CF-3D5645F8BD6F}.Debug|Any CPU.ActiveCfg = Debug|Any CPU
		{D09E0D53-8FCA-4901-B1CF-3D5645F8BD6F}.Debug|Any CPU.Build.0 = Debug|Any CPU
		{D09E0D53-8FCA-4901-B1CF-3D5645F8BD6F}.Release|Any CPU.ActiveCfg = Release|Any CPU
		{D09E0D53-8FCA-4901-B1CF-3D5645F8BD6F}.Release|Any CPU.Build.0 = Release|Any CPU
		{A1934427-47E1-4CAF-AB30-95DB30275476}.Debug|Any CPU.ActiveCfg = Debug|Any CPU
		{A1934427-47E1-4CAF-AB30-95DB30275476}.Debug|Any CPU.Build.0 = Debug|Any CPU
		{A1934427-47E1-4CAF-AB30-95DB30275476}.Release|Any CPU.ActiveCfg = Release|Any CPU
		{A1934427-47E1-4CAF-AB30-95DB30275476}.Release|Any CPU.Build.0 = Release|Any CPU
	EndGlobalSection
	GlobalSection(SolutionProperties) = preSolution
		HideSolutionNode = FALSE
	EndGlobalSection
	GlobalSection(ExtensibilityGlobals) = postSolution
		SolutionGuid = {E891BD3C-A58B-4A15-B7CC-6A9EFCB26DCF}
	EndGlobalSection
EndGlobal
